// !$*UTF8*$!
{
	archiveVersion = 1;
	classes = {
	};
	objectVersion = 46;
	objects = {

/* Begin PBXBuildFile section */
		058415BE1F0CFD74000768FE /* AppDelegate.swift in Sources */ = {isa = PBXBuildFile; fileRef = 058415BD1F0CFD74000768FE /* AppDelegate.swift */; };
		058415C01F0CFD74000768FE /* ViewController.swift in Sources */ = {isa = PBXBuildFile; fileRef = 058415BF1F0CFD74000768FE /* ViewController.swift */; };
		058415C31F0CFD74000768FE /* Main.storyboard in Resources */ = {isa = PBXBuildFile; fileRef = 058415C11F0CFD74000768FE /* Main.storyboard */; };
		058415C51F0CFD75000768FE /* Assets.xcassets in Resources */ = {isa = PBXBuildFile; fileRef = 058415C41F0CFD75000768FE /* Assets.xcassets */; };
		058415C81F0CFD75000768FE /* LaunchScreen.storyboard in Resources */ = {isa = PBXBuildFile; fileRef = 058415C61F0CFD75000768FE /* LaunchScreen.storyboard */; };
		058415D31F0CFD76000768FE /* CUOIKI_NTA_BAI3bTests.swift in Sources */ = {isa = PBXBuildFile; fileRef = 058415D21F0CFD75000768FE /* CUOIKI_NTA_BAI3bTests.swift */; };
		058415DE1F0CFD76000768FE /* CUOIKI_NTA_BAI3bUITests.swift in Sources */ = {isa = PBXBuildFile; fileRef = 058415DD1F0CFD76000768FE /* CUOIKI_NTA_BAI3bUITests.swift */; };
		058415F01F0CFE23000768FE /* ModelCongViec.swift in Sources */ = {isa = PBXBuildFile; fileRef = 058415EF1F0CFE23000768FE /* ModelCongViec.swift */; };
		058415F41F0CFED5000768FE /* DataSource.swift in Sources */ = {isa = PBXBuildFile; fileRef = 058415F31F0CFED5000768FE /* DataSource.swift */; };
		058415F61F0CFF58000768FE /* TableViewCell.swift in Sources */ = {isa = PBXBuildFile; fileRef = 058415F51F0CFF58000768FE /* TableViewCell.swift */; };
/* End PBXBuildFile section */

/* Begin PBXContainerItemProxy section */
		058415CF1F0CFD75000768FE /* PBXContainerItemProxy */ = {
			isa = PBXContainerItemProxy;
			containerPortal = 058415B21F0CFD73000768FE /* Project object */;
			proxyType = 1;
			remoteGlobalIDString = 058415B91F0CFD73000768FE;
			remoteInfo = CUOIKI_NTA_BAI3b;
		};
		058415DA1F0CFD76000768FE /* PBXContainerItemProxy */ = {
			isa = PBXContainerItemProxy;
			containerPortal = 058415B21F0CFD73000768FE /* Project object */;
			proxyType = 1;
			remoteGlobalIDString = 058415B91F0CFD73000768FE;
			remoteInfo = CUOIKI_NTA_BAI3b;
		};
/* End PBXContainerItemProxy section */

/* Begin PBXFileReference section */
		058415BA1F0CFD73000768FE /* CUOIKI_NTA_BAI3b.app */ = {isa = PBXFileReference; explicitFileType = wrapper.application; includeInIndex = 0; path = CUOIKI_NTA_BAI3b.app; sourceTree = BUILT_PRODUCTS_DIR; };
		058415BD1F0CFD74000768FE /* AppDelegate.swift */ = {isa = PBXFileReference; lastKnownFileType = sourcecode.swift; path = AppDelegate.swift; sourceTree = "<group>"; };
		058415BF1F0CFD74000768FE /* ViewController.swift */ = {isa = PBXFileReference; lastKnownFileType = sourcecode.swift; path = ViewController.swift; sourceTree = "<group>"; };
		058415C21F0CFD74000768FE /* Base */ = {isa = PBXFileReference; lastKnownFileType = file.storyboard; name = Base; path = Base.lproj/Main.storyboard; sourceTree = "<group>"; };
		058415C41F0CFD75000768FE /* Assets.xcassets */ = {isa = PBXFileReference; lastKnownFileType = folder.assetcatalog; path = Assets.xcassets; sourceTree = "<group>"; };
		058415C71F0CFD75000768FE /* Base */ = {isa = PBXFileReference; lastKnownFileType = file.storyboard; name = Base; path = Base.lproj/LaunchScreen.storyboard; sourceTree = "<group>"; };
		058415C91F0CFD75000768FE /* Info.plist */ = {isa = PBXFileReference; lastKnownFileType = text.plist.xml; path = Info.plist; sourceTree = "<group>"; };
		058415CE1F0CFD75000768FE /* CUOIKI_NTA_BAI3bTests.xctest */ = {isa = PBXFileReference; explicitFileType = wrapper.cfbundle; includeInIndex = 0; path = CUOIKI_NTA_BAI3bTests.xctest; sourceTree = BUILT_PRODUCTS_DIR; };
		058415D21F0CFD75000768FE /* CUOIKI_NTA_BAI3bTests.swift */ = {isa = PBXFileReference; lastKnownFileType = sourcecode.swift; path = CUOIKI_NTA_BAI3bTests.swift; sourceTree = "<group>"; };
		058415D41F0CFD76000768FE /* Info.plist */ = {isa = PBXFileReference; lastKnownFileType = text.plist.xml; path = Info.plist; sourceTree = "<group>"; };
		058415D91F0CFD76000768FE /* CUOIKI_NTA_BAI3bUITests.xctest */ = {isa = PBXFileReference; explicitFileType = wrapper.cfbundle; includeInIndex = 0; path = CUOIKI_NTA_BAI3bUITests.xctest; sourceTree = BUILT_PRODUCTS_DIR; };
		058415DD1F0CFD76000768FE /* CUOIKI_NTA_BAI3bUITests.swift */ = {isa = PBXFileReference; lastKnownFileType = sourcecode.swift; path = CUOIKI_NTA_BAI3bUITests.swift; sourceTree = "<group>"; };
		058415DF1F0CFD77000768FE /* Info.plist */ = {isa = PBXFileReference; lastKnownFileType = text.plist.xml; path = Info.plist; sourceTree = "<group>"; };
		058415EF1F0CFE23000768FE /* ModelCongViec.swift */ = {isa = PBXFileReference; fileEncoding = 4; lastKnownFileType = sourcecode.swift; path = ModelCongViec.swift; sourceTree = "<group>"; };
		058415F31F0CFED5000768FE /* DataSource.swift */ = {isa = PBXFileReference; fileEncoding = 4; lastKnownFileType = sourcecode.swift; path = DataSource.swift; sourceTree = "<group>"; };
		058415F51F0CFF58000768FE /* TableViewCell.swift */ = {isa = PBXFileReference; fileEncoding = 4; lastKnownFileType = sourcecode.swift; path = TableViewCell.swift; sourceTree = "<group>"; };
/* End PBXFileReference section */

/* Begin PBXFrameworksBuildPhase section */
		058415B71F0CFD73000768FE /* Frameworks */ = {
			isa = PBXFrameworksBuildPhase;
			buildActionMask = 2147483647;
			files = (
			);
			runOnlyForDeploymentPostprocessing = 0;
		};
		058415CB1F0CFD75000768FE /* Frameworks */ = {
			isa = PBXFrameworksBuildPhase;
			buildActionMask = 2147483647;
			files = (
			);
			runOnlyForDeploymentPostprocessing = 0;
		};
		058415D61F0CFD76000768FE /* Frameworks */ = {
			isa = PBXFrameworksBuildPhase;
			buildActionMask = 2147483647;
			files = (
			);
			runOnlyForDeploymentPostprocessing = 0;
		};
/* End PBXFrameworksBuildPhase section */

/* Begin PBXGroup section */
		058415B11F0CFD73000768FE = {
			isa = PBXGroup;
			children = (
				058415BC1F0CFD73000768FE /* CUOIKI_NTA_BAI3b */,
				058415D11F0CFD75000768FE /* CUOIKI_NTA_BAI3bTests */,
				058415DC1F0CFD76000768FE /* CUOIKI_NTA_BAI3bUITests */,
				058415BB1F0CFD73000768FE /* Products */,
			);
			sourceTree = "<group>";
		};
		058415BB1F0CFD73000768FE /* Products */ = {
			isa = PBXGroup;
			children = (
				058415BA1F0CFD73000768FE /* CUOIKI_NTA_BAI3b.app */,
				058415CE1F0CFD75000768FE /* CUOIKI_NTA_BAI3bTests.xctest */,
				058415D91F0CFD76000768FE /* CUOIKI_NTA_BAI3bUITests.xctest */,
			);
			name = Products;
			sourceTree = "<group>";
		};
		058415BC1F0CFD73000768FE /* CUOIKI_NTA_BAI3b */ = {
			isa = PBXGroup;
			children = (
				058415EE1F0CFDE4000768FE /* Controller */,
				058415ED1F0CFDD1000768FE /* DataSource */,
				058415EC1F0CFDCA000768FE /* View */,
				058415EB1F0CFDAE000768FE /* Model */,
				058415BD1F0CFD74000768FE /* AppDelegate.swift */,
				058415BF1F0CFD74000768FE /* ViewController.swift */,
				058415C11F0CFD74000768FE /* Main.storyboard */,
				058415C41F0CFD75000768FE /* Assets.xcassets */,
				058415C61F0CFD75000768FE /* LaunchScreen.storyboard */,
				058415C91F0CFD75000768FE /* Info.plist */,
			);
			path = CUOIKI_NTA_BAI3b;
			sourceTree = "<group>";
		};
		058415D11F0CFD75000768FE /* CUOIKI_NTA_BAI3bTests */ = {
			isa = PBXGroup;
			children = (
				058415D21F0CFD75000768FE /* CUOIKI_NTA_BAI3bTests.swift */,
				058415D41F0CFD76000768FE /* Info.plist */,
			);
			path = CUOIKI_NTA_BAI3bTests;
			sourceTree = "<group>";
		};
		058415DC1F0CFD76000768FE /* CUOIKI_NTA_BAI3bUITests */ = {
			isa = PBXGroup;
			children = (
				058415DD1F0CFD76000768FE /* CUOIKI_NTA_BAI3bUITests.swift */,
				058415DF1F0CFD77000768FE /* Info.plist */,
			);
			path = CUOIKI_NTA_BAI3bUITests;
			sourceTree = "<group>";
		};
		058415EB1F0CFDAE000768FE /* Model */ = {
			isa = PBXGroup;
			children = (
				058415EF1F0CFE23000768FE /* ModelCongViec.swift */,
			);
			name = Model;
			sourceTree = "<group>";
		};
		058415EC1F0CFDCA000768FE /* View */ = {
			isa = PBXGroup;
			children = (
			);
			name = View;
			sourceTree = "<group>";
		};
		058415ED1F0CFDD1000768FE /* DataSource */ = {
			isa = PBXGroup;
			children = (
				058415F31F0CFED5000768FE /* DataSource.swift */,
				058415F51F0CFF58000768FE /* TableViewCell.swift */,
			);
			name = DataSource;
			sourceTree = "<group>";
		};
		058415EE1F0CFDE4000768FE /* Controller */ = {
			isa = PBXGroup;
			children = (
			);
			name = Controller;
			sourceTree = "<group>";
		};
/* End PBXGroup section */

/* Begin PBXNativeTarget section */
		058415B91F0CFD73000768FE /* CUOIKI_NTA_BAI3b */ = {
			isa = PBXNativeTarget;
			buildConfigurationList = 058415E21F0CFD77000768FE /* Build configuration list for PBXNativeTarget "CUOIKI_NTA_BAI3b" */;
			buildPhases = (
				058415B61F0CFD73000768FE /* Sources */,
				058415B71F0CFD73000768FE /* Frameworks */,
				058415B81F0CFD73000768FE /* Resources */,
			);
			buildRules = (
			);
			dependencies = (
			);
			name = CUOIKI_NTA_BAI3b;
			productName = CUOIKI_NTA_BAI3b;
			productReference = 058415BA1F0CFD73000768FE /* CUOIKI_NTA_BAI3b.app */;
			productType = "com.apple.product-type.application";
		};
		058415CD1F0CFD75000768FE /* CUOIKI_NTA_BAI3bTests */ = {
			isa = PBXNativeTarget;
			buildConfigurationList = 058415E51F0CFD77000768FE /* Build configuration list for PBXNativeTarget "CUOIKI_NTA_BAI3bTests" */;
			buildPhases = (
				058415CA1F0CFD75000768FE /* Sources */,
				058415CB1F0CFD75000768FE /* Frameworks */,
				058415CC1F0CFD75000768FE /* Resources */,
			);
			buildRules = (
			);
			dependencies = (
				058415D01F0CFD75000768FE /* PBXTargetDependency */,
			);
			name = CUOIKI_NTA_BAI3bTests;
			productName = CUOIKI_NTA_BAI3bTests;
			productReference = 058415CE1F0CFD75000768FE /* CUOIKI_NTA_BAI3bTests.xctest */;
			productType = "com.apple.product-type.bundle.unit-test";
		};
		058415D81F0CFD76000768FE /* CUOIKI_NTA_BAI3bUITests */ = {
			isa = PBXNativeTarget;
			buildConfigurationList = 058415E81F0CFD77000768FE /* Build configuration list for PBXNativeTarget "CUOIKI_NTA_BAI3bUITests" */;
			buildPhases = (
				058415D51F0CFD76000768FE /* Sources */,
				058415D61F0CFD76000768FE /* Frameworks */,
				058415D71F0CFD76000768FE /* Resources */,
			);
			buildRules = (
			);
			dependencies = (
				058415DB1F0CFD76000768FE /* PBXTargetDependency */,
			);
			name = CUOIKI_NTA_BAI3bUITests;
			productName = CUOIKI_NTA_BAI3bUITests;
			productReference = 058415D91F0CFD76000768FE /* CUOIKI_NTA_BAI3bUITests.xctest */;
			productType = "com.apple.product-type.bundle.ui-testing";
		};
/* End PBXNativeTarget section */

/* Begin PBXProject section */
		058415B21F0CFD73000768FE /* Project object */ = {
			isa = PBXProject;
			attributes = {
				LastSwiftUpdateCheck = 0830;
				LastUpgradeCheck = 0830;
				ORGANIZATIONNAME = HCMUTE;
				TargetAttributes = {
					058415B91F0CFD73000768FE = {
						CreatedOnToolsVersion = 8.3.3;
						ProvisioningStyle = Automatic;
					};
					058415CD1F0CFD75000768FE = {
						CreatedOnToolsVersion = 8.3.3;
						ProvisioningStyle = Automatic;
						TestTargetID = 058415B91F0CFD73000768FE;
					};
					058415D81F0CFD76000768FE = {
						CreatedOnToolsVersion = 8.3.3;
						ProvisioningStyle = Automatic;
						TestTargetID = 058415B91F0CFD73000768FE;
					};
				};
			};
			buildConfigurationList = 058415B51F0CFD73000768FE /* Build configuration list for PBXProject "CUOIKI_NTA_BAI3b" */;
			compatibilityVersion = "Xcode 3.2";
			developmentRegion = English;
			hasScannedForEncodings = 0;
			knownRegions = (
				en,
				Base,
			);
			mainGroup = 058415B11F0CFD73000768FE;
			productRefGroup = 058415BB1F0CFD73000768FE /* Products */;
			projectDirPath = "";
			projectRoot = "";
			targets = (
				058415B91F0CFD73000768FE /* CUOIKI_NTA_BAI3b */,
				058415CD1F0CFD75000768FE /* CUOIKI_NTA_BAI3bTests */,
				058415D81F0CFD76000768FE /* CUOIKI_NTA_BAI3bUITests */,
			);
		};
/* End PBXProject section */

/* Begin PBXResourcesBuildPhase section */
		058415B81F0CFD73000768FE /* Resources */ = {
			isa = PBXResourcesBuildPhase;
			buildActionMask = 2147483647;
			files = (
				058415C81F0CFD75000768FE /* LaunchScreen.storyboard in Resources */,
				058415C51F0CFD75000768FE /* Assets.xcassets in Resources */,
				058415C31F0CFD74000768FE /* Main.storyboard in Resources */,
			);
			runOnlyForDeploymentPostprocessing = 0;
		};
		058415CC1F0CFD75000768FE /* Resources */ = {
			isa = PBXResourcesBuildPhase;
			buildActionMask = 2147483647;
			files = (
			);
			runOnlyForDeploymentPostprocessing = 0;
		};
		058415D71F0CFD76000768FE /* Resources */ = {
			isa = PBXResourcesBuildPhase;
			buildActionMask = 2147483647;
			files = (
			);
			runOnlyForDeploymentPostprocessing = 0;
		};
/* End PBXResourcesBuildPhase section */

/* Begin PBXSourcesBuildPhase section */
		058415B61F0CFD73000768FE /* Sources */ = {
			isa = PBXSourcesBuildPhase;
			buildActionMask = 2147483647;
			files = (
				058415F61F0CFF58000768FE /* TableViewCell.swift in Sources */,
				058415F01F0CFE23000768FE /* ModelCongViec.swift in Sources */,
				058415C01F0CFD74000768FE /* ViewController.swift in Sources */,
				058415F41F0CFED5000768FE /* DataSource.swift in Sources */,
				058415BE1F0CFD74000768FE /* AppDelegate.swift in Sources */,
			);
			runOnlyForDeploymentPostprocessing = 0;
		};
		058415CA1F0CFD75000768FE /* Sources */ = {
			isa = PBXSourcesBuildPhase;
			buildActionMask = 2147483647;
			files = (
				058415D31F0CFD76000768FE /* CUOIKI_NTA_BAI3bTests.swift in Sources */,
			);
			runOnlyForDeploymentPostprocessing = 0;
		};
		058415D51F0CFD76000768FE /* Sources */ = {
			isa = PBXSourcesBuildPhase;
			buildActionMask = 2147483647;
			files = (
				058415DE1F0CFD76000768FE /* CUOIKI_NTA_BAI3bUITests.swift in Sources */,
			);
			runOnlyForDeploymentPostprocessing = 0;
		};
/* End PBXSourcesBuildPhase section */

/* Begin PBXTargetDependency section */
		058415D01F0CFD75000768FE /* PBXTargetDependency */ = {
			isa = PBXTargetDependency;
			target = 058415B91F0CFD73000768FE /* CUOIKI_NTA_BAI3b */;
			targetProxy = 058415CF1F0CFD75000768FE /* PBXContainerItemProxy */;
		};
		058415DB1F0CFD76000768FE /* PBXTargetDependency */ = {
			isa = PBXTargetDependency;
			target = 058415B91F0CFD73000768FE /* CUOIKI_NTA_BAI3b */;
			targetProxy = 058415DA1F0CFD76000768FE /* PBXContainerItemProxy */;
		};
/* End PBXTargetDependency section */

/* Begin PBXVariantGroup section */
		058415C11F0CFD74000768FE /* Main.storyboard */ = {
			isa = PBXVariantGroup;
			children = (
				058415C21F0CFD74000768FE /* Base */,
			);
			name = Main.storyboard;
			sourceTree = "<group>";
		};
		058415C61F0CFD75000768FE /* LaunchScreen.storyboard */ = {
			isa = PBXVariantGroup;
			children = (
				058415C71F0CFD75000768FE /* Base */,
			);
			name = LaunchScreen.storyboard;
			sourceTree = "<group>";
		};
/* End PBXVariantGroup section */

/* Begin XCBuildConfiguration section */
		058415E01F0CFD77000768FE /* Debug */ = {
			isa = XCBuildConfiguration;
			buildSettings = {
				ALWAYS_SEARCH_USER_PATHS = NO;
				CLANG_ANALYZER_NONNULL = YES;
				CLANG_ANALYZER_NUMBER_OBJECT_CONVERSION = YES_AGGRESSIVE;
				CLANG_CXX_LANGUAGE_STANDARD = "gnu++0x";
				CLANG_CXX_LIBRARY = "libc++";
				CLANG_ENABLE_MODULES = YES;
				CLANG_ENABLE_OBJC_ARC = YES;
				CLANG_WARN_BOOL_CONVERSION = YES;
				CLANG_WARN_CONSTANT_CONVERSION = YES;
				CLANG_WARN_DIRECT_OBJC_ISA_USAGE = YES_ERROR;
				CLANG_WARN_DOCUMENTATION_COMMENTS = YES;
				CLANG_WARN_EMPTY_BODY = YES;
				CLANG_WARN_ENUM_CONVERSION = YES;
				CLANG_WARN_INFINITE_RECURSION = YES;
				CLANG_WARN_INT_CONVERSION = YES;
				CLANG_WARN_OBJC_ROOT_CLASS = YES_ERROR;
				CLANG_WARN_SUSPICIOUS_MOVE = YES;
				CLANG_WARN_UNREACHABLE_CODE = YES;
				CLANG_WARN__DUPLICATE_METHOD_MATCH = YES;
				"CODE_SIGN_IDENTITY[sdk=iphoneos*]" = "iPhone Developer";
				COPY_PHASE_STRIP = NO;
				DEBUG_INFORMATION_FORMAT = dwarf;
				ENABLE_STRICT_OBJC_MSGSEND = YES;
				ENABLE_TESTABILITY = YES;
				GCC_C_LANGUAGE_STANDARD = gnu99;
				GCC_DYNAMIC_NO_PIC = NO;
				GCC_NO_COMMON_BLOCKS = YES;
				GCC_OPTIMIZATION_LEVEL = 0;
				GCC_PREPROCESSOR_DEFINITIONS = (
					"DEBUG=1",
					"$(inherited)",
				);
				GCC_WARN_64_TO_32_BIT_CONVERSION = YES;
				GCC_WARN_ABOUT_RETURN_TYPE = YES_ERROR;
				GCC_WARN_UNDECLARED_SELECTOR = YES;
				GCC_WARN_UNINITIALIZED_AUTOS = YES_AGGRESSIVE;
				GCC_WARN_UNUSED_FUNCTION = YES;
				GCC_WARN_UNUSED_VARIABLE = YES;
				IPHONEOS_DEPLOYMENT_TARGET = 10.3;
				MTL_ENABLE_DEBUG_INFO = YES;
				ONLY_ACTIVE_ARCH = YES;
				SDKROOT = iphoneos;
				SWIFT_ACTIVE_COMPILATION_CONDITIONS = DEBUG;
				SWIFT_OPTIMIZATION_LEVEL = "-Onone";
				TARGETED_DEVICE_FAMILY = "1,2";
			};
			name = Debug;
		};
		058415E11F0CFD77000768FE /* Release */ = {
			isa = XCBuildConfiguration;
			buildSettings = {
				ALWAYS_SEARCH_USER_PATHS = NO;
				CLANG_ANALYZER_NONNULL = YES;
				CLANG_ANALYZER_NUMBER_OBJECT_CONVERSION = YES_AGGRESSIVE;
				CLANG_CXX_LANGUAGE_STANDARD = "gnu++0x";
				CLANG_CXX_LIBRARY = "libc++";
				CLANG_ENABLE_MODULES = YES;
				CLANG_ENABLE_OBJC_ARC = YES;
				CLANG_WARN_BOOL_CONVERSION = YES;
				CLANG_WARN_CONSTANT_CONVERSION = YES;
				CLANG_WARN_DIRECT_OBJC_ISA_USAGE = YES_ERROR;
				CLANG_WARN_DOCUMENTATION_COMMENTS = YES;
				CLANG_WARN_EMPTY_BODY = YES;
				CLANG_WARN_ENUM_CONVERSION = YES;
				CLANG_WARN_INFINITE_RECURSION = YES;
				CLANG_WARN_INT_CONVERSION = YES;
				CLANG_WARN_OBJC_ROOT_CLASS = YES_ERROR;
				CLANG_WARN_SUSPICIOUS_MOVE = YES;
				CLANG_WARN_UNREACHABLE_CODE = YES;
				CLANG_WARN__DUPLICATE_METHOD_MATCH = YES;
				"CODE_SIGN_IDENTITY[sdk=iphoneos*]" = "iPhone Developer";
				COPY_PHASE_STRIP = NO;
				DEBUG_INFORMATION_FORMAT = "dwarf-with-dsym";
				ENABLE_NS_ASSERTIONS = NO;
				ENABLE_STRICT_OBJC_MSGSEND = YES;
				GCC_C_LANGUAGE_STANDARD = gnu99;
				GCC_NO_COMMON_BLOCKS = YES;
				GCC_WARN_64_TO_32_BIT_CONVERSION = YES;
				GCC_WARN_ABOUT_RETURN_TYPE = YES_ERROR;
				GCC_WARN_UNDECLARED_SELECTOR = YES;
				GCC_WARN_UNINITIALIZED_AUTOS = YES_AGGRESSIVE;
				GCC_WARN_UNUSED_FUNCTION = YES;
				GCC_WARN_UNUSED_VARIABLE = YES;
				IPHONEOS_DEPLOYMENT_TARGET = 10.3;
				MTL_ENABLE_DEBUG_INFO = NO;
				SDKROOT = iphoneos;
				SWIFT_OPTIMIZATION_LEVEL = "-Owholemodule";
				TARGETED_DEVICE_FAMILY = "1,2";
				VALIDATE_PRODUCT = YES;
			};
			name = Release;
		};
		058415E31F0CFD77000768FE /* Debug */ = {
			isa = XCBuildConfiguration;
			buildSettings = {
				ASSETCATALOG_COMPILER_APPICON_NAME = AppIcon;
				INFOPLIST_FILE = CUOIKI_NTA_BAI3b/Info.plist;
				LD_RUNPATH_SEARCH_PATHS = "$(inherited) @executable_path/Frameworks";
				PRODUCT_BUNDLE_IDENTIFIER = "IT.CUOIKI-NTA-BAI3b";
				PRODUCT_NAME = "$(TARGET_NAME)";
				SWIFT_VERSION = 3.0;
			};
			name = Debug;
		};
		058415E41F0CFD77000768FE /* Release */ = {
			isa = XCBuildConfiguration;
			buildSettings = {
				ASSETCATALOG_COMPILER_APPICON_NAME = AppIcon;
				INFOPLIST_FILE = CUOIKI_NTA_BAI3b/Info.plist;
				LD_RUNPATH_SEARCH_PATHS = "$(inherited) @executable_path/Frameworks";
				PRODUCT_BUNDLE_IDENTIFIER = "IT.CUOIKI-NTA-BAI3b";
				PRODUCT_NAME = "$(TARGET_NAME)";
				SWIFT_VERSION = 3.0;
			};
			name = Release;
		};
		058415E61F0CFD77000768FE /* Debug */ = {
			isa = XCBuildConfiguration;
			buildSettings = {
				ALWAYS_EMBED_SWIFT_STANDARD_LIBRARIES = YES;
				BUNDLE_LOADER = "$(TEST_HOST)";
				INFOPLIST_FILE = CUOIKI_NTA_BAI3bTests/Info.plist;
				LD_RUNPATH_SEARCH_PATHS = "$(inherited) @executable_path/Frameworks @loader_path/Frameworks";
				PRODUCT_BUNDLE_IDENTIFIER = "IT.CUOIKI-NTA-BAI3bTests";
				PRODUCT_NAME = "$(TARGET_NAME)";
				SWIFT_VERSION = 3.0;
				TEST_HOST = "$(BUILT_PRODUCTS_DIR)/CUOIKI_NTA_BAI3b.app/CUOIKI_NTA_BAI3b";
			};
			name = Debug;
		};
		058415E71F0CFD77000768FE /* Release */ = {
			isa = XCBuildConfiguration;
			buildSettings = {
				ALWAYS_EMBED_SWIFT_STANDARD_LIBRARIES = YES;
				BUNDLE_LOADER = "$(TEST_HOST)";
				INFOPLIST_FILE = CUOIKI_NTA_BAI3bTests/Info.plist;
				LD_RUNPATH_SEARCH_PATHS = "$(inherited) @executable_path/Frameworks @loader_path/Frameworks";
				PRODUCT_BUNDLE_IDENTIFIER = "IT.CUOIKI-NTA-BAI3bTests";
				PRODUCT_NAME = "$(TARGET_NAME)";
				SWIFT_VERSION = 3.0;
				TEST_HOST = "$(BUILT_PRODUCTS_DIR)/CUOIKI_NTA_BAI3b.app/CUOIKI_NTA_BAI3b";
			};
			name = Release;
		};
		058415E91F0CFD77000768FE /* Debug */ = {
			isa = XCBuildConfiguration;
			buildSettings = {
				ALWAYS_EMBED_SWIFT_STANDARD_LIBRARIES = YES;
				INFOPLIST_FILE = CUOIKI_NTA_BAI3bUITests/Info.plist;
				LD_RUNPATH_SEARCH_PATHS = "$(inherited) @executable_path/Frameworks @loader_path/Frameworks";
				PRODUCT_BUNDLE_IDENTIFIER = "IT.CUOIKI-NTA-BAI3bUITests";
				PRODUCT_NAME = "$(TARGET_NAME)";
				SWIFT_VERSION = 3.0;
				TEST_TARGET_NAME = CUOIKI_NTA_BAI3b;
			};
			name = Debug;
		};
		058415EA1F0CFD77000768FE /* Release */ = {
			isa = XCBuildConfiguration;
			buildSettings = {
				ALWAYS_EMBED_SWIFT_STANDARD_LIBRARIES = YES;
				INFOPLIST_FILE = CUOIKI_NTA_BAI3bUITests/Info.plist;
				LD_RUNPATH_SEARCH_PATHS = "$(inherited) @executable_path/Frameworks @loader_path/Frameworks";
				PRODUCT_BUNDLE_IDENTIFIER = "IT.CUOIKI-NTA-BAI3bUITests";
				PRODUCT_NAME = "$(TARGET_NAME)";
				SWIFT_VERSION = 3.0;
				TEST_TARGET_NAME = CUOIKI_NTA_BAI3b;
			};
			name = Release;
		};
/* End XCBuildConfiguration section */

/* Begin XCConfigurationList section */
		058415B51F0CFD73000768FE /* Build configuration list for PBXProject "CUOIKI_NTA_BAI3b" */ = {
			isa = XCConfigurationList;
			buildConfigurations = (
				058415E01F0CFD77000768FE /* Debug */,
				058415E11F0CFD77000768FE /* Release */,
			);
			defaultConfigurationIsVisible = 0;
			defaultConfigurationName = Release;
		};
		058415E21F0CFD77000768FE /* Build configuration list for PBXNativeTarget "CUOIKI_NTA_BAI3b" */ = {
			isa = XCConfigurationList;
			buildConfigurations = (
				058415E31F0CFD77000768FE /* Debug */,
				058415E41F0CFD77000768FE /* Release */,
			);
			defaultConfigurationIsVisible = 0;
		};
		058415E51F0CFD77000768FE /* Build configuration list for PBXNativeTarget "CUOIKI_NTA_BAI3bTests" */ = {
			isa = XCConfigurationList;
			buildConfigurations = (
				058415E61F0CFD77000768FE /* Debug */,
				058415E71F0CFD77000768FE /* Release */,
			);
			defaultConfigurationIsVisible = 0;
		};
		058415E81F0CFD77000768FE /* Build configuration list for PBXNativeTarget "CUOIKI_NTA_BAI3bUITests" */ = {
			isa = XCConfigurationList;
			buildConfigurations = (
				058415E91F0CFD77000768FE /* Debug */,
				058415EA1F0CFD77000768FE /* Release */,
			);
			defaultConfigurationIsVisible = 0;
		};
/* End XCConfigurationList section */
	};
	rootObject = 058415B21F0CFD73000768FE /* Project object */;
}
